<?xml version="1.0" encoding="UTF-8"?>
<Scheme
   LastUpgradeVersion = "1430"
   version = "1.3">
   <BuildAction
      parallelizeBuildables = "YES"
      buildImplicitDependencies = "YES">
      <BuildActionEntries>
         <BuildActionEntry
            buildForTesting = "YES"
            buildForRunning = "NO"
            buildForProfiling = "NO"
            buildForArchiving = "NO"
            buildForAnalyzing = "NO">
            <BuildableReference
               BuildableIdentifier = "primary"
               BlueprintIdentifier = "77A78E9AA5AD47C30BEEDB69"
               BuildableName = "ObservabilityTests_iOS.xctest"
               BlueprintName = "ObservabilityTests_iOS"
               ReferencedContainer = "container:Observability.xcodeproj">
            </BuildableReference>
         </BuildActionEntry>
         <BuildActionEntry
            buildForTesting = "YES"
            buildForRunning = "NO"
            buildForProfiling = "NO"
            buildForArchiving = "NO"
            buildForAnalyzing = "NO">
            <BuildableReference
               BuildableIdentifier = "primary"
               BlueprintIdentifier = "64C675F6E67240C99B417449"
               BuildableName = "ObservabilityTests_macOS.xctest"
               BlueprintName = "ObservabilityTests_macOS"
               ReferencedContainer = "container:Observability.xcodeproj">
            </BuildableReference>
         </BuildActionEntry>
         <BuildActionEntry
            buildForTesting = "YES"
            buildForRunning = "NO"
            buildForProfiling = "NO"
            buildForArchiving = "NO"
            buildForAnalyzing = "NO">
            <BuildableReference
               BuildableIdentifier = "primary"
               BlueprintIdentifier = "39921196E161B084DB3C97A1"
               BuildableName = "ObservabilityUITests_iOS.xctest"
               BlueprintName = "ObservabilityUITests_iOS"
               ReferencedContainer = "container:Observability.xcodeproj">
            </BuildableReference>
         </BuildActionEntry>
         <BuildActionEntry
            buildForTesting = "YES"
            buildForRunning = "NO"
            buildForProfiling = "NO"
            buildForArchiving = "NO"
            buildForAnalyzing = "NO">
            <BuildableReference
               BuildableIdentifier = "primary"
               BlueprintIdentifier = "DC24ACFC9E23285D85A7EC51"
               BuildableName = "ObservabilityUITests_macOS.xctest"
               BlueprintName = "ObservabilityUITests_macOS"
               ReferencedContainer = "container:Observability.xcodeproj">
            </BuildableReference>
         </BuildActionEntry>
         <BuildActionEntry
            buildForTesting = "YES"
            buildForRunning = "YES"
            buildForProfiling = "YES"
            buildForArchiving = "YES"
            buildForAnalyzing = "YES">
            <BuildableReference
               BuildableIdentifier = "primary"
               BlueprintIdentifier = "6658DE6790BA604A6EED3B82"
               BuildableName = "Observability_iOS.app"
               BlueprintName = "Observability_iOS"
               ReferencedContainer = "container:Observability.xcodeproj">
            </BuildableReference>
         </BuildActionEntry>
         <BuildActionEntry
            buildForTesting = "YES"
            buildForRunning = "YES"
            buildForProfiling = "YES"
            buildForArchiving = "YES"
            buildForAnalyzing = "YES">
            <BuildableReference
               BuildableIdentifier = "primary"
               BlueprintIdentifier = "8CED64E3270DEC1ACBBF53A1"
               BuildableName = "Observability_macOS.app"
               BlueprintName = "Observability_macOS"
               ReferencedContainer = "container:Observability.xcodeproj">
            </BuildableReference>
         </BuildActionEntry>
      </BuildActionEntries>
   </BuildAction>
   <TestAction
      buildConfiguration = "Debug"
      selectedDebuggerIdentifier = "Xcode.DebuggerFoundation.Debugger.LLDB"
      selectedLauncherIdentifier = "Xcode.DebuggerFoundation.Launcher.LLDB"
      shouldUseLaunchSchemeArgsEnv = "YES">
      <MacroExpansion>
         <BuildableReference
            BuildableIdentifier = "primary"
            BlueprintIdentifier = "6658DE6790BA604A6EED3B82"
            BuildableName = "Observability_iOS.app"
            BlueprintName = "Observability_iOS"
            ReferencedContainer = "container:Observability.xcodeproj">
         </BuildableReference>
      </MacroExpansion>
      <Testables>
         <TestableReference
            skipped = "NO"
            parallelizable = "NO">
            <BuildableReference
               BuildableIdentifier = "primary"
               BlueprintIdentifier = "77A78E9AA5AD47C30BEEDB69"
               BuildableName = "ObservabilityTests_iOS.xctest"
               BlueprintName = "ObservabilityTests_iOS"
               ReferencedContainer = "container:Observability.xcodeproj">
            </BuildableReference>
         </TestableReference>
         <TestableReference
            skipped = "NO"
            parallelizable = "NO">
            <BuildableReference
               BuildableIdentifier = "primary"
               BlueprintIdentifier = "64C675F6E67240C99B417449"
               BuildableName = "ObservabilityTests_macOS.xctest"
               BlueprintName = "ObservabilityTests_macOS"
               ReferencedContainer = "container:Observability.xcodeproj">
            </BuildableReference>
         </TestableReference>
         <TestableReference
            skipped = "NO">
            <BuildableReference
               BuildableIdentifier = "primary"
               BlueprintIdentifier = "39921196E161B084DB3C97A1"
               BuildableName = "ObservabilityUITests_iOS.xctest"
               BlueprintName = "ObservabilityUITests_iOS"
               ReferencedContainer = "container:Observability.xcodeproj">
            </BuildableReference>
         </TestableReference>
         <TestableReference
            skipped = "NO">
            <BuildableReference
               BuildableIdentifier = "primary"
               BlueprintIdentifier = "DC24ACFC9E23285D85A7EC51"
               BuildableName = "ObservabilityUITests_macOS.xctest"
               BlueprintName = "ObservabilityUITests_macOS"
               ReferencedContainer = "container:Observability.xcodeproj">
            </BuildableReference>
         </TestableReference>
      </Testables>
   </TestAction>
   <LaunchAction
      buildConfiguration = "Debug"
      selectedDebuggerIdentifier = "Xcode.DebuggerFoundation.Debugger.LLDB"
      selectedLauncherIdentifier = "Xcode.DebuggerFoundation.Launcher.LLDB"
      launchStyle = "0"
      useCustomWorkingDirectory = "NO"
      ignoresPersistentStateOnLaunch = "NO"
      debugDocumentVersioning = "YES"
      debugServiceExtension = "internal"
      allowLocationSimulation = "YES">
      <BuildableProductRunnable
         runnableDebuggingMode = "0">
         <BuildableReference
            BuildableIdentifier = "primary"
            BlueprintIdentifier = "6658DE6790BA604A6EED3B82"
            BuildableName = "Observability_iOS.app"
            BlueprintName = "Observability_iOS"
            ReferencedContainer = "container:Observability.xcodeproj">
         </BuildableReference>
      </BuildableProductRunnable>
   </LaunchAction>
   <ProfileAction
      buildConfiguration = "Release"
      shouldUseLaunchSchemeArgsEnv = "YES"
      savedToolIdentifier = ""
      useCustomWorkingDirectory = "NO"
      debugDocumentVersioning = "YES">
      <BuildableProductRunnable
         runnableDebuggingMode = "0">
         <BuildableReference
            BuildableIdentifier = "primary"
            BlueprintIdentifier = "6658DE6790BA604A6EED3B82"
            BuildableName = "Observability_iOS.app"
            BlueprintName = "Observability_iOS"
            ReferencedContainer = "container:Observability.xcodeproj">
         </BuildableReference>
      </BuildableProductRunnable>
   </ProfileAction>
   <AnalyzeAction
      buildConfiguration = "Debug">
   </AnalyzeAction>
   <ArchiveAction
      buildConfiguration = "Release"
      revealArchiveInOrganizer = "YES">
   </ArchiveAction>
</Scheme>
