// !$*UTF8*$!
{
	archiveVersion = 1;
	classes = {
	};
	objectVersion = 77;
	objects = {

/* Begin PBXBuildFile section */
		CF06C09F2EF0944E00B78992 /* ObservabilityCommon in Frameworks */ = {isa = PBXBuildFile; productRef = CF06C09E2EF0944E00B78992 /* ObservabilityCommon */; };
		CF06C0A12EF0944E00B78992 /* ObservabilityCore in Frameworks */ = {isa = PBXBuildFile; productRef = CF06C0A02EF0944E00B78992 /* ObservabilityCore */; };
		CF06C0A32EF0944E00B78992 /* ObservabilityNetworking in Frameworks */ = {isa = PBXBuildFile; productRef = CF06C0A22EF0944E00B78992 /* ObservabilityNetworking */; };
		CF06C0A52EF0944E00B78992 /* ObservabilityUI in Frameworks */ = {isa = PBXBuildFile; productRef = CF06C0A42EF0944E00B78992 /* ObservabilityUI */; };
		CF06C0D92EF097B100B78992 /* ObservabilityCommon in Frameworks */ = {isa = PBXBuildFile; productRef = CF06C0D82EF097B100B78992 /* ObservabilityCommon */; };
		CF06C0DB2EF097B100B78992 /* ObservabilityCore in Frameworks */ = {isa = PBXBuildFile; productRef = CF06C0DA2EF097B100B78992 /* ObservabilityCore */; };
		CF06C0DD2EF097B100B78992 /* ObservabilityNetworking in Frameworks */ = {isa = PBXBuildFile; productRef = CF06C0DC2EF097B100B78992 /* ObservabilityNetworking */; };
		CF06C0DF2EF097B100B78992 /* ObservabilityUI in Frameworks */ = {isa = PBXBuildFile; productRef = CF06C0DE2EF097B100B78992 /* ObservabilityUI */; };
/* End PBXBuildFile section */

/* Begin PBXContainerItemProxy section */
		CFFD515D2EF0581C0077E4A6 /* PBXContainerItemProxy */ = {
			isa = PBXContainerItemProxy;
			containerPortal = CFFD51432EF058190077E4A6 /* Project object */;
			proxyType = 1;
			remoteGlobalIDString = CFFD514A2EF058190077E4A6;
			remoteInfo = Observability;
		};
		CFFD51672EF0581C0077E4A6 /* PBXContainerItemProxy */ = {
			isa = PBXContainerItemProxy;
			containerPortal = CFFD51432EF058190077E4A6 /* Project object */;
			proxyType = 1;
			remoteGlobalIDString = CFFD514A2EF058190077E4A6;
			remoteInfo = Observability;
		};
/* End PBXContainerItemProxy section */

/* Begin PBXFileReference section */
		CFFD514B2EF058190077E4A6 /* Observability.app */ = {isa = PBXFileReference; explicitFileType = wrapper.application; includeInIndex = 0; path = Observability.app; sourceTree = BUILT_PRODUCTS_DIR; };
		CFFD515C2EF0581C0077E4A6 /* ObservabilityTests.xctest */ = {isa = PBXFileReference; explicitFileType = wrapper.cfbundle; includeInIndex = 0; path = ObservabilityTests.xctest; sourceTree = BUILT_PRODUCTS_DIR; };
		CFFD51662EF0581C0077E4A6 /* ObservabilityUITests.xctest */ = {isa = PBXFileReference; explicitFileType = wrapper.cfbundle; includeInIndex = 0; path = ObservabilityUITests.xctest; sourceTree = BUILT_PRODUCTS_DIR; };
/* End PBXFileReference section */

/* Begin PBXFileSystemSynchronizedBuildFileExceptionSet section */
		CFFD516E2EF0581C0077E4A6 /* Exceptions for "Observability" folder in "Observability" target */ = {
			isa = PBXFileSystemSynchronizedBuildFileExceptionSet;
			membershipExceptions = (
				Info.plist,
			);
			target = CFFD514A2EF058190077E4A6 /* Observability */;
		};
/* End PBXFileSystemSynchronizedBuildFileExceptionSet section */

/* Begin PBXFileSystemSynchronizedRootGroup section */
		CFFD514D2EF058190077E4A6 /* Observability */ = {
			isa = PBXFileSystemSynchronizedRootGroup;
			exceptions = (
				CFFD516E2EF0581C0077E4A6 /* Exceptions for "Observability" folder in "Observability" target */,
			);
			path = Observability;
			sourceTree = "<group>";
		};
		CFFD515F2EF0581C0077E4A6 /* ObservabilityTests */ = {
			isa = PBXFileSystemSynchronizedRootGroup;
			path = ObservabilityTests;
			sourceTree = "<group>";
		};
		CFFD51692EF0581C0077E4A6 /* ObservabilityUITests */ = {
			isa = PBXFileSystemSynchronizedRootGroup;
			path = ObservabilityUITests;
			sourceTree = "<group>";
		};
/* End PBXFileSystemSynchronizedRootGroup section */

/* Begin PBXFrameworksBuildPhase section */
		CFFD51482EF058190077E4A6 /* Frameworks */ = {
			isa = PBXFrameworksBuildPhase;
			buildActionMask = 2147483647;
			files = (
				CF06C0D92EF097B100B78992 /* ObservabilityCommon in Frameworks */,
				CF06C0DB2EF097B100B78992 /* ObservabilityCore in Frameworks */,
				CF06C0A52EF0944E00B78992 /* ObservabilityUI in Frameworks */,
				CF06C09F2EF0944E00B78992 /* ObservabilityCommon in Frameworks */,
				CF06C0DF2EF097B100B78992 /* ObservabilityUI in Frameworks */,
				CF06C0A12EF0944E00B78992 /* ObservabilityCore in Frameworks */,
				CF06C0DD2EF097B100B78992 /* ObservabilityNetworking in Frameworks */,
				CF06C0A32EF0944E00B78992 /* ObservabilityNetworking in Frameworks */,
			);
			runOnlyForDeploymentPostprocessing = 0;
		};
		CFFD51592EF0581C0077E4A6 /* Frameworks */ = {
			isa = PBXFrameworksBuildPhase;
			buildActionMask = 2147483647;
			files = (
			);
			runOnlyForDeploymentPostprocessing = 0;
		};
		CFFD51632EF0581C0077E4A6 /* Frameworks */ = {
			isa = PBXFrameworksBuildPhase;
			buildActionMask = 2147483647;
			files = (
			);
			runOnlyForDeploymentPostprocessing = 0;
		};
/* End PBXFrameworksBuildPhase section */

/* Begin PBXGroup section */
		CFFD51422EF058190077E4A6 = {
			isa = PBXGroup;
			children = (
				CFFD514D2EF058190077E4A6 /* Observability */,
				CFFD515F2EF0581C0077E4A6 /* ObservabilityTests */,
				CFFD51692EF0581C0077E4A6 /* ObservabilityUITests */,
				CFFD514C2EF058190077E4A6 /* Products */,
			);
			sourceTree = "<group>";
		};
		CFFD514C2EF058190077E4A6 /* Products */ = {
			isa = PBXGroup;
			children = (
				CFFD514B2EF058190077E4A6 /* Observability.app */,
				CFFD515C2EF0581C0077E4A6 /* ObservabilityTests.xctest */,
				CFFD51662EF0581C0077E4A6 /* ObservabilityUITests.xctest */,
			);
			name = Products;
			sourceTree = "<group>";
		};
/* End PBXGroup section */

/* Begin PBXNativeTarget section */
		CFFD514A2EF058190077E4A6 /* Observability */ = {
			isa = PBXNativeTarget;
			buildConfigurationList = CFFD516F2EF0581C0077E4A6 /* Build configuration list for PBXNativeTarget "Observability" */;
			buildPhases = (
				CFFD51472EF058190077E4A6 /* Sources */,
				CFFD51482EF058190077E4A6 /* Frameworks */,
				CFFD51492EF058190077E4A6 /* Resources */,
			);
			buildRules = (
			);
			dependencies = (
			);
			fileSystemSynchronizedGroups = (
				CFFD514D2EF058190077E4A6 /* Observability */,
			);
			name = Observability;
			packageProductDependencies = (
				CF06C09E2EF0944E00B78992 /* ObservabilityCommon */,
				CF06C0A02EF0944E00B78992 /* ObservabilityCore */,
				CF06C0A22EF0944E00B78992 /* ObservabilityNetworking */,
				CF06C0A42EF0944E00B78992 /* ObservabilityUI */,
				CF06C0D82EF097B100B78992 /* ObservabilityCommon */,
				CF06C0DA2EF097B100B78992 /* ObservabilityCore */,
				CF06C0DC2EF097B100B78992 /* ObservabilityNetworking */,
				CF06C0DE2EF097B100B78992 /* ObservabilityUI */,
			);
			productName = Observability;
			productReference = CFFD514B2EF058190077E4A6 /* Observability.app */;
			productType = "com.apple.product-type.application";
		};
		CFFD515B2EF0581C0077E4A6 /* ObservabilityTests */ = {
			isa = PBXNativeTarget;
			buildConfigurationList = CFFD51742EF0581C0077E4A6 /* Build configuration list for PBXNativeTarget "ObservabilityTests" */;
			buildPhases = (
				CFFD51582EF0581C0077E4A6 /* Sources */,
				CFFD51592EF0581C0077E4A6 /* Frameworks */,
				CFFD515A2EF0581C0077E4A6 /* Resources */,
			);
			buildRules = (
			);
			dependencies = (
				CFFD515E2EF0581C0077E4A6 /* PBXTargetDependency */,
			);
			fileSystemSynchronizedGroups = (
				CFFD515F2EF0581C0077E4A6 /* ObservabilityTests */,
			);
			name = ObservabilityTests;
			packageProductDependencies = (
			);
			productName = ObservabilityTests;
			productReference = CFFD515C2EF0581C0077E4A6 /* ObservabilityTests.xctest */;
			productType = "com.apple.product-type.bundle.unit-test";
		};
		CFFD51652EF0581C0077E4A6 /* ObservabilityUITests */ = {
			isa = PBXNativeTarget;
			buildConfigurationList = CFFD51772EF0581C0077E4A6 /* Build configuration list for PBXNativeTarget "ObservabilityUITests" */;
			buildPhases = (
				CFFD51622EF0581C0077E4A6 /* Sources */,
				CFFD51632EF0581C0077E4A6 /* Frameworks */,
				CFFD51642EF0581C0077E4A6 /* Resources */,
			);
			buildRules = (
			);
			dependencies = (
				CFFD51682EF0581C0077E4A6 /* PBXTargetDependency */,
			);
			fileSystemSynchronizedGroups = (
				CFFD51692EF0581C0077E4A6 /* ObservabilityUITests */,
			);
			name = ObservabilityUITests;
			packageProductDependencies = (
			);
			productName = ObservabilityUITests;
			productReference = CFFD51662EF0581C0077E4A6 /* ObservabilityUITests.xctest */;
			productType = "com.apple.product-type.bundle.ui-testing";
		};
/* End PBXNativeTarget section */

/* Begin PBXProject section */
		CFFD51432EF058190077E4A6 /* Project object */ = {
			isa = PBXProject;
			attributes = {
				BuildIndependentTargetsInParallel = 1;
				KnownAssetTags = (
					New,
				);
				LastSwiftUpdateCheck = 2610;
				LastUpgradeCheck = 2610;
				TargetAttributes = {
					CFFD514A2EF058190077E4A6 = {
						CreatedOnToolsVersion = 26.1.1;
					};
					CFFD515B2EF0581C0077E4A6 = {
						CreatedOnToolsVersion = 26.1.1;
						TestTargetID = CFFD514A2EF058190077E4A6;
					};
					CFFD51652EF0581C0077E4A6 = {
						CreatedOnToolsVersion = 26.1.1;
						TestTargetID = CFFD514A2EF058190077E4A6;
					};
				};
			};
			buildConfigurationList = CFFD51462EF058190077E4A6 /* Build configuration list for PBXProject "Observability" */;
			developmentRegion = en;
			hasScannedForEncodings = 0;
			knownRegions = (
				en,
				Base,
			);
			mainGroup = CFFD51422EF058190077E4A6;
			minimizedProjectReferenceProxies = 1;
			packageReferences = (
				CF06C0D72EF097B100B78992 /* XCLocalSwiftPackageReference "../ObservabilityKit" */,
			);
			preferredProjectObjectVersion = 77;
			productRefGroup = CFFD514C2EF058190077E4A6 /* Products */;
			projectDirPath = "";
			projectRoot = "";
			targets = (
				CFFD514A2EF058190077E4A6 /* Observability */,
				CFFD515B2EF0581C0077E4A6 /* ObservabilityTests */,
				CFFD51652EF0581C0077E4A6 /* ObservabilityUITests */,
			);
		};
/* End PBXProject section */

/* Begin PBXResourcesBuildPhase section */
		CFFD51492EF058190077E4A6 /* Resources */ = {
			isa = PBXResourcesBuildPhase;
			buildActionMask = 2147483647;
			files = (
			);
			runOnlyForDeploymentPostprocessing = 0;
		};
		CFFD515A2EF0581C0077E4A6 /* Resources */ = {
			isa = PBXResourcesBuildPhase;
			buildActionMask = 2147483647;
			files = (
			);
			runOnlyForDeploymentPostprocessing = 0;
		};
		CFFD51642EF0581C0077E4A6 /* Resources */ = {
			isa = PBXResourcesBuildPhase;
			buildActionMask = 2147483647;
			files = (
			);
			runOnlyForDeploymentPostprocessing = 0;
		};
/* End PBXResourcesBuildPhase section */

/* Begin PBXSourcesBuildPhase section */
		CFFD51472EF058190077E4A6 /* Sources */ = {
			isa = PBXSourcesBuildPhase;
			buildActionMask = 2147483647;
			files = (
			);
			runOnlyForDeploymentPostprocessing = 0;
		};
		CFFD51582EF0581C0077E4A6 /* Sources */ = {
			isa = PBXSourcesBuildPhase;
			buildActionMask = 2147483647;
			files = (
			);
			runOnlyForDeploymentPostprocessing = 0;
		};
		CFFD51622EF0581C0077E4A6 /* Sources */ = {
			isa = PBXSourcesBuildPhase;
			buildActionMask = 2147483647;
			files = (
			);
			runOnlyForDeploymentPostprocessing = 0;
		};
/* End PBXSourcesBuildPhase section */

/* Begin PBXTargetDependency section */
		CFFD515E2EF0581C0077E4A6 /* PBXTargetDependency */ = {
			isa = PBXTargetDependency;
			target = CFFD514A2EF058190077E4A6 /* Observability */;
			targetProxy = CFFD515D2EF0581C0077E4A6 /* PBXContainerItemProxy */;
		};
		CFFD51682EF0581C0077E4A6 /* PBXTargetDependency */ = {
			isa = PBXTargetDependency;
			target = CFFD514A2EF058190077E4A6 /* Observability */;
			targetProxy = CFFD51672EF0581C0077E4A6 /* PBXContainerItemProxy */;
		};
/* End PBXTargetDependency section */

/* Begin XCBuildConfiguration section */
		CFFD51702EF0581C0077E4A6 /* Debug */ = {
			isa = XCBuildConfiguration;
			buildSettings = {
				ASSETCATALOG_COMPILER_APPICON_NAME = AppIcon;
				ASSETCATALOG_COMPILER_GLOBAL_ACCENT_COLOR_NAME = AccentColor;
				AUTOMATION_APPLE_EVENTS = YES;
				CODE_SIGN_STYLE = Automatic;
				CURRENT_PROJECT_VERSION = 1;
				DEVELOPMENT_TEAM = 49S7UFWWL9;
				ENABLE_APP_SANDBOX = YES;
				ENABLE_FILE_ACCESS_DOWNLOADS_FOLDER = readonly;
				ENABLE_HARDENED_RUNTIME = YES;
				ENABLE_INCOMING_NETWORK_CONNECTIONS = YES;
				ENABLE_OUTGOING_NETWORK_CONNECTIONS = YES;
				ENABLE_PREVIEWS = YES;
				ENABLE_RESOURCE_ACCESS_AUDIO_INPUT = NO;
				ENABLE_RESOURCE_ACCESS_BLUETOOTH = YES;
				ENABLE_RESOURCE_ACCESS_CALENDARS = NO;
				ENABLE_RESOURCE_ACCESS_CAMERA = NO;
				ENABLE_RESOURCE_ACCESS_CONTACTS = NO;
				ENABLE_RESOURCE_ACCESS_LOCATION = NO;
				ENABLE_RESOURCE_ACCESS_PHOTO_LIBRARY = NO;
				ENABLE_RESOURCE_ACCESS_PRINTING = NO;
				ENABLE_RESOURCE_ACCESS_USB = NO;
				ENABLE_USER_SELECTED_FILES = readwrite;
				GENERATE_INFOPLIST_FILE = YES;
				INFOPLIST_FILE = Observability/Info.plist;
				"INFOPLIST_KEY_UIApplicationSceneManifest_Generation[sdk=iphoneos*]" = YES;
				"INFOPLIST_KEY_UIApplicationSceneManifest_Generation[sdk=iphonesimulator*]" = YES;
				"INFOPLIST_KEY_UIApplicationSupportsIndirectInputEvents[sdk=iphoneos*]" = YES;
				"INFOPLIST_KEY_UIApplicationSupportsIndirectInputEvents[sdk=iphonesimulator*]" = YES;
				"INFOPLIST_KEY_UILaunchScreen_Generation[sdk=iphoneos*]" = YES;
				"INFOPLIST_KEY_UILaunchScreen_Generation[sdk=iphonesimulator*]" = YES;
				"INFOPLIST_KEY_UIStatusBarStyle[sdk=iphoneos*]" = UIStatusBarStyleDefault;
				"INFOPLIST_KEY_UIStatusBarStyle[sdk=iphonesimulator*]" = UIStatusBarStyleDefault;
				INFOPLIST_KEY_UISupportedInterfaceOrientations = "UIInterfaceOrientationLandscapeLeft UIInterfaceOrientationLandscapeRight UIInterfaceOrientationPortrait";
				INFOPLIST_KEY_UISupportedInterfaceOrientations_iPad = "UIInterfaceOrientationLandscapeLeft UIInterfaceOrientationLandscapeRight UIInterfaceOrientationPortrait UIInterfaceOrientationPortraitUpsideDown";
				IPHONEOS_DEPLOYMENT_TARGET = 18.6;
				LD_RUNPATH_SEARCH_PATHS = "@executable_path/Frameworks";
				"LD_RUNPATH_SEARCH_PATHS[sdk=macosx*]" = "@executable_path/../Frameworks";
				MACOSX_DEPLOYMENT_TARGET = 15.6;
				MARKETING_VERSION = 1.0;
				PRODUCT_BUNDLE_IDENTIFIER = com.ArtfulArchivesStudio.Observability;
				PRODUCT_NAME = "$(TARGET_NAME)";
				REGISTER_APP_GROUPS = YES;
				RUNTIME_EXCEPTION_ALLOW_DYLD_ENVIRONMENT_VARIABLES = NO;
				RUNTIME_EXCEPTION_ALLOW_JIT = YES;
				RUNTIME_EXCEPTION_ALLOW_UNSIGNED_EXECUTABLE_MEMORY = NO;
				RUNTIME_EXCEPTION_DEBUGGING_TOOL = NO;
				RUNTIME_EXCEPTION_DISABLE_EXECUTABLE_PAGE_PROTECTION = NO;
				RUNTIME_EXCEPTION_DISABLE_LIBRARY_VALIDATION = NO;
				SDKROOT = auto;
				STRING_CATALOG_GENERATE_SYMBOLS = YES;
				SUPPORTED_PLATFORMS = "iphoneos iphonesimulator macosx xros xrsimulator";
				SWIFT_APPROACHABLE_CONCURRENCY = YES;
				SWIFT_DEFAULT_ACTOR_ISOLATION = MainActor;
				SWIFT_EMIT_LOC_STRINGS = YES;
				SWIFT_UPCOMING_FEATURE_MEMBER_IMPORT_VISIBILITY = YES;
				SWIFT_VERSION = 5.0;
				TARGETED_DEVICE_FAMILY = "1,2,7";
				XROS_DEPLOYMENT_TARGET = 26.1;
			};
			name = Debug;
		};
		CFFD51712EF0581C0077E4A6 /* Release */ = {
			isa = XCBuildConfiguration;
			buildSettings = {
				ASSETCATALOG_COMPILER_APPICON_NAME = AppIcon;
				ASSETCATALOG_COMPILER_GLOBAL_ACCENT_COLOR_NAME = AccentColor;
				AUTOMATION_APPLE_EVENTS = YES;
				CODE_SIGN_STYLE = Automatic;
				CURRENT_PROJECT_VERSION = 1;
				DEVELOPMENT_TEAM = 49S7UFWWL9;
				ENABLE_APP_SANDBOX = YES;
				ENABLE_FILE_ACCESS_DOWNLOADS_FOLDER = readonly;
				ENABLE_HARDENED_RUNTIME = YES;
				ENABLE_INCOMING_NETWORK_CONNECTIONS = YES;
				ENABLE_OUTGOING_NETWORK_CONNECTIONS = YES;
				ENABLE_PREVIEWS = YES;
				ENABLE_RESOURCE_ACCESS_AUDIO_INPUT = NO;
				ENABLE_RESOURCE_ACCESS_BLUETOOTH = YES;
				ENABLE_RESOURCE_ACCESS_CALENDARS = NO;
				ENABLE_RESOURCE_ACCESS_CAMERA = NO;
				ENABLE_RESOURCE_ACCESS_CONTACTS = NO;
				ENABLE_RESOURCE_ACCESS_LOCATION = NO;
				ENABLE_RESOURCE_ACCESS_PHOTO_LIBRARY = NO;
				ENABLE_RESOURCE_ACCESS_PRINTING = NO;
				ENABLE_RESOURCE_ACCESS_USB = NO;
				ENABLE_USER_SELECTED_FILES = readwrite;
				GENERATE_INFOPLIST_FILE = YES;
				INFOPLIST_FILE = Observability/Info.plist;
				"INFOPLIST_KEY_UIApplicationSceneManifest_Generation[sdk=iphoneos*]" = YES;
				"INFOPLIST_KEY_UIApplicationSceneManifest_Generation[sdk=iphonesimulator*]" = YES;
				"INFOPLIST_KEY_UIApplicationSupportsIndirectInputEvents[sdk=iphoneos*]" = YES;
				"INFOPLIST_KEY_UIApplicationSupportsIndirectInputEvents[sdk=iphonesimulator*]" = YES;
				"INFOPLIST_KEY_UILaunchScreen_Generation[sdk=iphoneos*]" = YES;
				"INFOPLIST_KEY_UILaunchScreen_Generation[sdk=iphonesimulator*]" = YES;
				"INFOPLIST_KEY_UIStatusBarStyle[sdk=iphoneos*]" = UIStatusBarStyleDefault;
				"INFOPLIST_KEY_UIStatusBarStyle[sdk=iphonesimulator*]" = UIStatusBarStyleDefault;
				INFOPLIST_KEY_UISupportedInterfaceOrientations = "UIInterfaceOrientationLandscapeLeft UIInterfaceOrientationLandscapeRight UIInterfaceOrientationPortrait";
				INFOPLIST_KEY_UISupportedInterfaceOrientations_iPad = "UIInterfaceOrientationLandscapeLeft UIInterfaceOrientationLandscapeRight UIInterfaceOrientationPortrait UIInterfaceOrientationPortraitUpsideDown";
				IPHONEOS_DEPLOYMENT_TARGET = 18.6;
				LD_RUNPATH_SEARCH_PATHS = "@executable_path/Frameworks";
				"LD_RUNPATH_SEARCH_PATHS[sdk=macosx*]" = "@executable_path/../Frameworks";
				MACOSX_DEPLOYMENT_TARGET = 15.6;
				MARKETING_VERSION = 1.0;
				PRODUCT_BUNDLE_IDENTIFIER = com.ArtfulArchivesStudio.Observability;
				PRODUCT_NAME = "$(TARGET_NAME)";
				REGISTER_APP_GROUPS = YES;
				RUNTIME_EXCEPTION_ALLOW_DYLD_ENVIRONMENT_VARIABLES = NO;
				RUNTIME_EXCEPTION_ALLOW_JIT = YES;
				RUNTIME_EXCEPTION_ALLOW_UNSIGNED_EXECUTABLE_MEMORY = NO;
				RUNTIME_EXCEPTION_DEBUGGING_TOOL = NO;
				RUNTIME_EXCEPTION_DISABLE_EXECUTABLE_PAGE_PROTECTION = NO;
				RUNTIME_EXCEPTION_DISABLE_LIBRARY_VALIDATION = NO;
				SDKROOT = auto;
				STRING_CATALOG_GENERATE_SYMBOLS = YES;
				SUPPORTED_PLATFORMS = "iphoneos iphonesimulator macosx xros xrsimulator";
				SWIFT_APPROACHABLE_CONCURRENCY = YES;
				SWIFT_DEFAULT_ACTOR_ISOLATION = MainActor;
				SWIFT_EMIT_LOC_STRINGS = YES;
				SWIFT_UPCOMING_FEATURE_MEMBER_IMPORT_VISIBILITY = YES;
				SWIFT_VERSION = 5.0;
				TARGETED_DEVICE_FAMILY = "1,2,7";
				XROS_DEPLOYMENT_TARGET = 26.1;
			};
			name = Release;
		};
		CFFD51722EF0581C0077E4A6 /* Debug */ = {
			isa = XCBuildConfiguration;
			buildSettings = {
				ALWAYS_SEARCH_USER_PATHS = NO;
				ASSETCATALOG_COMPILER_GENERATE_SWIFT_ASSET_SYMBOL_EXTENSIONS = YES;
				CLANG_ANALYZER_NONNULL = YES;
				CLANG_ANALYZER_NUMBER_OBJECT_CONVERSION = YES_AGGRESSIVE;
				CLANG_CXX_LANGUAGE_STANDARD = "gnu++20";
				CLANG_ENABLE_MODULES = YES;
				CLANG_ENABLE_OBJC_ARC = YES;
				CLANG_ENABLE_OBJC_WEAK = YES;
				CLANG_WARN_BLOCK_CAPTURE_AUTORELEASING = YES;
				CLANG_WARN_BOOL_CONVERSION = YES;
				CLANG_WARN_COMMA = YES;
				CLANG_WARN_CONSTANT_CONVERSION = YES;
				CLANG_WARN_DEPRECATED_OBJC_IMPLEMENTATIONS = YES;
				CLANG_WARN_DIRECT_OBJC_ISA_USAGE = YES_ERROR;
				CLANG_WARN_DOCUMENTATION_COMMENTS = YES;
				CLANG_WARN_EMPTY_BODY = YES;
				CLANG_WARN_ENUM_CONVERSION = YES;
				CLANG_WARN_INFINITE_RECURSION = YES;
				CLANG_WARN_INT_CONVERSION = YES;
				CLANG_WARN_NON_LITERAL_NULL_CONVERSION = YES;
				CLANG_WARN_OBJC_IMPLICIT_RETAIN_SELF = YES;
				CLANG_WARN_OBJC_LITERAL_CONVERSION = YES;
				CLANG_WARN_OBJC_ROOT_CLASS = YES_ERROR;
				CLANG_WARN_QUOTED_INCLUDE_IN_FRAMEWORK_HEADER = YES;
				CLANG_WARN_RANGE_LOOP_ANALYSIS = YES;
				CLANG_WARN_STRICT_PROTOTYPES = YES;
				CLANG_WARN_SUSPICIOUS_MOVE = YES;
				CLANG_WARN_UNGUARDED_AVAILABILITY = YES_AGGRESSIVE;
				CLANG_WARN_UNREACHABLE_CODE = YES;
				CLANG_WARN__DUPLICATE_METHOD_MATCH = YES;
				COPY_PHASE_STRIP = NO;
				DEBUG_INFORMATION_FORMAT = dwarf;
				DEVELOPMENT_TEAM = 49S7UFWWL9;
				ENABLE_STRICT_OBJC_MSGSEND = YES;
				ENABLE_TESTABILITY = YES;
				ENABLE_USER_SCRIPT_SANDBOXING = YES;
				GCC_C_LANGUAGE_STANDARD = gnu17;
				GCC_DYNAMIC_NO_PIC = NO;
				GCC_NO_COMMON_BLOCKS = YES;
				GCC_OPTIMIZATION_LEVEL = 0;
				GCC_PREPROCESSOR_DEFINITIONS = (
					"DEBUG=1",
					"$(inherited)",
				);
				GCC_WARN_64_TO_32_BIT_CONVERSION = YES;
				GCC_WARN_ABOUT_RETURN_TYPE = YES_ERROR;
				GCC_WARN_UNDECLARED_SELECTOR = YES;
				GCC_WARN_UNINITIALIZED_AUTOS = YES_AGGRESSIVE;
				GCC_WARN_UNUSED_FUNCTION = YES;
				GCC_WARN_UNUSED_VARIABLE = YES;
				LOCALIZATION_PREFERS_STRING_CATALOGS = YES;
				MTL_ENABLE_DEBUG_INFO = INCLUDE_SOURCE;
				MTL_FAST_MATH = YES;
				ONLY_ACTIVE_ARCH = YES;
				SWIFT_ACTIVE_COMPILATION_CONDITIONS = "DEBUG $(inherited)";
				SWIFT_OPTIMIZATION_LEVEL = "-Onone";
			};
			name = Debug;
		};
		CFFD51732EF0581C0077E4A6 /* Release */ = {
			isa = XCBuildConfiguration;
			buildSettings = {
				ALWAYS_SEARCH_USER_PATHS = NO;
				ASSETCATALOG_COMPILER_GENERATE_SWIFT_ASSET_SYMBOL_EXTENSIONS = YES;
				CLANG_ANALYZER_NONNULL = YES;
				CLANG_ANALYZER_NUMBER_OBJECT_CONVERSION = YES_AGGRESSIVE;
				CLANG_CXX_LANGUAGE_STANDARD = "gnu++20";
				CLANG_ENABLE_MODULES = YES;
				CLANG_ENABLE_OBJC_ARC = YES;
				CLANG_ENABLE_OBJC_WEAK = YES;
				CLANG_WARN_BLOCK_CAPTURE_AUTORELEASING = YES;
				CLANG_WARN_BOOL_CONVERSION = YES;
				CLANG_WARN_COMMA = YES;
				CLANG_WARN_CONSTANT_CONVERSION = YES;
				CLANG_WARN_DEPRECATED_OBJC_IMPLEMENTATIONS = YES;
				CLANG_WARN_DIRECT_OBJC_ISA_USAGE = YES_ERROR;
				CLANG_WARN_DOCUMENTATION_COMMENTS = YES;
				CLANG_WARN_EMPTY_BODY = YES;
				CLANG_WARN_ENUM_CONVERSION = YES;
				CLANG_WARN_INFINITE_RECURSION = YES;
				CLANG_WARN_INT_CONVERSION = YES;
				CLANG_WARN_NON_LITERAL_NULL_CONVERSION = YES;
				CLANG_WARN_OBJC_IMPLICIT_RETAIN_SELF = YES;
				CLANG_WARN_OBJC_LITERAL_CONVERSION = YES;
				CLANG_WARN_OBJC_ROOT_CLASS = YES_ERROR;
				CLANG_WARN_QUOTED_INCLUDE_IN_FRAMEWORK_HEADER = YES;
				CLANG_WARN_RANGE_LOOP_ANALYSIS = YES;
				CLANG_WARN_STRICT_PROTOTYPES = YES;
				CLANG_WARN_SUSPICIOUS_MOVE = YES;
				CLANG_WARN_UNGUARDED_AVAILABILITY = YES_AGGRESSIVE;
				CLANG_WARN_UNREACHABLE_CODE = YES;
				CLANG_WARN__DUPLICATE_METHOD_MATCH = YES;
				COPY_PHASE_STRIP = NO;
				DEBUG_INFORMATION_FORMAT = "dwarf-with-dsym";
				DEVELOPMENT_TEAM = 49S7UFWWL9;
				ENABLE_NS_ASSERTIONS = NO;
				ENABLE_STRICT_OBJC_MSGSEND = YES;
				ENABLE_USER_SCRIPT_SANDBOXING = YES;
				GCC_C_LANGUAGE_STANDARD = gnu17;
				GCC_NO_COMMON_BLOCKS = YES;
				GCC_WARN_64_TO_32_BIT_CONVERSION = YES;
				GCC_WARN_ABOUT_RETURN_TYPE = YES_ERROR;
				GCC_WARN_UNDECLARED_SELECTOR = YES;
				GCC_WARN_UNINITIALIZED_AUTOS = YES_AGGRESSIVE;
				GCC_WARN_UNUSED_FUNCTION = YES;
				GCC_WARN_UNUSED_VARIABLE = YES;
				LOCALIZATION_PREFERS_STRING_CATALOGS = YES;
				MTL_ENABLE_DEBUG_INFO = NO;
				MTL_FAST_MATH = YES;
				SWIFT_COMPILATION_MODE = wholemodule;
			};
			name = Release;
		};
		CFFD51752EF0581C0077E4A6 /* Debug */ = {
			isa = XCBuildConfiguration;
			buildSettings = {
				BUNDLE_LOADER = "$(TEST_HOST)";
				CODE_SIGN_STYLE = Automatic;
				CURRENT_PROJECT_VERSION = 1;
				DEVELOPMENT_TEAM = 49S7UFWWL9;
				GENERATE_INFOPLIST_FILE = YES;
				IPHONEOS_DEPLOYMENT_TARGET = 26.1;
				MACOSX_DEPLOYMENT_TARGET = 26.0;
				MARKETING_VERSION = 1.0;
				PRODUCT_BUNDLE_IDENTIFIER = com.ArtfulArchivesStudio.ObservabilityTests;
				PRODUCT_NAME = "$(TARGET_NAME)";
				SDKROOT = auto;
				STRING_CATALOG_GENERATE_SYMBOLS = NO;
				SUPPORTED_PLATFORMS = "iphoneos iphonesimulator macosx xros xrsimulator";
				SWIFT_APPROACHABLE_CONCURRENCY = YES;
				SWIFT_EMIT_LOC_STRINGS = NO;
				SWIFT_UPCOMING_FEATURE_MEMBER_IMPORT_VISIBILITY = YES;
				SWIFT_VERSION = 5.0;
				TARGETED_DEVICE_FAMILY = "1,2,7";
				TEST_HOST = "$(BUILT_PRODUCTS_DIR)/Observability.app/$(BUNDLE_EXECUTABLE_FOLDER_PATH)/Observability";
				XROS_DEPLOYMENT_TARGET = 26.1;
			};
			name = Debug;
		};
		CFFD51762EF0581C0077E4A6 /* Release */ = {
			isa = XCBuildConfiguration;
			buildSettings = {
				BUNDLE_LOADER = "$(TEST_HOST)";
				CODE_SIGN_STYLE = Automatic;
				CURRENT_PROJECT_VERSION = 1;
				DEVELOPMENT_TEAM = 49S7UFWWL9;
				GENERATE_INFOPLIST_FILE = YES;
				IPHONEOS_DEPLOYMENT_TARGET = 26.1;
				MACOSX_DEPLOYMENT_TARGET = 26.0;
				MARKETING_VERSION = 1.0;
				PRODUCT_BUNDLE_IDENTIFIER = com.ArtfulArchivesStudio.ObservabilityTests;
				PRODUCT_NAME = "$(TARGET_NAME)";
				SDKROOT = auto;
				STRING_CATALOG_GENERATE_SYMBOLS = NO;
				SUPPORTED_PLATFORMS = "iphoneos iphonesimulator macosx xros xrsimulator";
				SWIFT_APPROACHABLE_CONCURRENCY = YES;
				SWIFT_EMIT_LOC_STRINGS = NO;
				SWIFT_UPCOMING_FEATURE_MEMBER_IMPORT_VISIBILITY = YES;
				SWIFT_VERSION = 5.0;
				TARGETED_DEVICE_FAMILY = "1,2,7";
				TEST_HOST = "$(BUILT_PRODUCTS_DIR)/Observability.app/$(BUNDLE_EXECUTABLE_FOLDER_PATH)/Observability";
				XROS_DEPLOYMENT_TARGET = 26.1;
			};
			name = Release;
		};
		CFFD51782EF0581C0077E4A6 /* Debug */ = {
			isa = XCBuildConfiguration;
			buildSettings = {
				CODE_SIGN_STYLE = Automatic;
				CURRENT_PROJECT_VERSION = 1;
				DEVELOPMENT_TEAM = 49S7UFWWL9;
				GENERATE_INFOPLIST_FILE = YES;
				IPHONEOS_DEPLOYMENT_TARGET = 26.1;
				MACOSX_DEPLOYMENT_TARGET = 26.0;
				MARKETING_VERSION = 1.0;
				PRODUCT_BUNDLE_IDENTIFIER = com.ArtfulArchivesStudio.ObservabilityUITests;
				PRODUCT_NAME = "$(TARGET_NAME)";
				SDKROOT = auto;
				STRING_CATALOG_GENERATE_SYMBOLS = NO;
				SUPPORTED_PLATFORMS = "iphoneos iphonesimulator macosx xros xrsimulator";
				SWIFT_APPROACHABLE_CONCURRENCY = YES;
				SWIFT_EMIT_LOC_STRINGS = NO;
				SWIFT_UPCOMING_FEATURE_MEMBER_IMPORT_VISIBILITY = YES;
				SWIFT_VERSION = 5.0;
				TARGETED_DEVICE_FAMILY = "1,2,7";
				TEST_TARGET_NAME = Observability;
				XROS_DEPLOYMENT_TARGET = 26.1;
			};
			name = Debug;
		};
		CFFD51792EF0581C0077E4A6 /* Release */ = {
			isa = XCBuildConfiguration;
			buildSettings = {
				CODE_SIGN_STYLE = Automatic;
				CURRENT_PROJECT_VERSION = 1;
				DEVELOPMENT_TEAM = 49S7UFWWL9;
				GENERATE_INFOPLIST_FILE = YES;
				IPHONEOS_DEPLOYMENT_TARGET = 26.1;
				MACOSX_DEPLOYMENT_TARGET = 26.0;
				MARKETING_VERSION = 1.0;
				PRODUCT_BUNDLE_IDENTIFIER = com.ArtfulArchivesStudio.ObservabilityUITests;
				PRODUCT_NAME = "$(TARGET_NAME)";
				SDKROOT = auto;
				STRING_CATALOG_GENERATE_SYMBOLS = NO;
				SUPPORTED_PLATFORMS = "iphoneos iphonesimulator macosx xros xrsimulator";
				SWIFT_APPROACHABLE_CONCURRENCY = YES;
				SWIFT_EMIT_LOC_STRINGS = NO;
				SWIFT_UPCOMING_FEATURE_MEMBER_IMPORT_VISIBILITY = YES;
				SWIFT_VERSION = 5.0;
				TARGETED_DEVICE_FAMILY = "1,2,7";
				TEST_TARGET_NAME = Observability;
				XROS_DEPLOYMENT_TARGET = 26.1;
			};
			name = Release;
		};
/* End XCBuildConfiguration section */

/* Begin XCConfigurationList section */
		CFFD51462EF058190077E4A6 /* Build configuration list for PBXProject "Observability" */ = {
			isa = XCConfigurationList;
			buildConfigurations = (
				CFFD51722EF0581C0077E4A6 /* Debug */,
				CFFD51732EF0581C0077E4A6 /* Release */,
			);
			defaultConfigurationIsVisible = 0;
			defaultConfigurationName = Release;
		};
		CFFD516F2EF0581C0077E4A6 /* Build configuration list for PBXNativeTarget "Observability" */ = {
			isa = XCConfigurationList;
			buildConfigurations = (
				CFFD51702EF0581C0077E4A6 /* Debug */,
				CFFD51712EF0581C0077E4A6 /* Release */,
			);
			defaultConfigurationIsVisible = 0;
			defaultConfigurationName = Release;
		};
		CFFD51742EF0581C0077E4A6 /* Build configuration list for PBXNativeTarget "ObservabilityTests" */ = {
			isa = XCConfigurationList;
			buildConfigurations = (
				CFFD51752EF0581C0077E4A6 /* Debug */,
				CFFD51762EF0581C0077E4A6 /* Release */,
			);
			defaultConfigurationIsVisible = 0;
			defaultConfigurationName = Release;
		};
		CFFD51772EF0581C0077E4A6 /* Build configuration list for PBXNativeTarget "ObservabilityUITests" */ = {
			isa = XCConfigurationList;
			buildConfigurations = (
				CFFD51782EF0581C0077E4A6 /* Debug */,
				CFFD51792EF0581C0077E4A6 /* Release */,
			);
			defaultConfigurationIsVisible = 0;
			defaultConfigurationName = Release;
		};
/* End XCConfigurationList section */

/* Begin XCLocalSwiftPackageReference section */
		CF06C0D72EF097B100B78992 /* XCLocalSwiftPackageReference "../ObservabilityKit" */ = {
			isa = XCLocalSwiftPackageReference;
			relativePath = ../ObservabilityKit;
		};
/* End XCLocalSwiftPackageReference section */

/* Begin XCSwiftPackageProductDependency section */
		CF06C09E2EF0944E00B78992 /* ObservabilityCommon */ = {
			isa = XCSwiftPackageProductDependency;
			productName = ObservabilityCommon;
		};
		CF06C0A02EF0944E00B78992 /* ObservabilityCore */ = {
			isa = XCSwiftPackageProductDependency;
			productName = ObservabilityCore;
		};
		CF06C0A22EF0944E00B78992 /* ObservabilityNetworking */ = {
			isa = XCSwiftPackageProductDependency;
			productName = ObservabilityNetworking;
		};
		CF06C0A42EF0944E00B78992 /* ObservabilityUI */ = {
			isa = XCSwiftPackageProductDependency;
			productName = ObservabilityUI;
		};
		CF06C0D82EF097B100B78992 /* ObservabilityCommon */ = {
			isa = XCSwiftPackageProductDependency;
			productName = ObservabilityCommon;
		};
		CF06C0DA2EF097B100B78992 /* ObservabilityCore */ = {
			isa = XCSwiftPackageProductDependency;
			productName = ObservabilityCore;
		};
		CF06C0DC2EF097B100B78992 /* ObservabilityNetworking */ = {
			isa = XCSwiftPackageProductDependency;
			productName = ObservabilityNetworking;
		};
		CF06C0DE2EF097B100B78992 /* ObservabilityUI */ = {
			isa = XCSwiftPackageProductDependency;
			productName = ObservabilityUI;
		};
/* End XCSwiftPackageProductDependency section */
	};
	rootObject = CFFD51432EF058190077E4A6 /* Project object */;
}
